
Microsoft Visual Studio Solution File, Format Version 12.00
# Visual Studio Version 17
VisualStudioVersion = 17.5.33209.295
MinimumVisualStudioVersion = 10.0.40219.1
Project("{FAE04EC0-301F-11D3-BF4B-00C04F79EFBC}") = "Desktop01", "Desktop01\Desktop01.csproj", "{628000BF-39E6-4A56-9E60-DED7961998EF}"
EndProject
Global
	GlobalSection(SolutionConfigurationPlatforms) = preSolution
		Debug|Any CPU = Debug|Any CPU
		Release|Any CPU = Release|Any CPU
	EndGlobalSection
	GlobalSection(ProjectConfigurationPlatforms) = postSolution
		{628000BF-39E6-4A56-9E60-DED7961998EF}.Debug|Any CPU.ActiveCfg = Debug|Any CPU
		{628000BF-39E6-4A56-9E60-DED7961998EF}.Debug|Any CPU.Build.0 = Debug|Any CPU
		{628000BF-39E6-4A56-9E60-DED7961998EF}.Release|Any CPU.ActiveCfg = Release|Any CPU
		{628000BF-39E6-4A56-9E60-DED7961998EF}.Release|Any CPU.Build.0 = Release|Any CPU
	EndGlobalSection
	GlobalSection(SolutionProperties) = preSolution
		HideSolutionNode = FALSE
	EndGlobalSection
	GlobalSection(ExtensibilityGlobals) = postSolution
		SolutionGuid = {BD56245E-BB81-400B-B1F3-935ADABD6404}
	EndGlobalSection
EndGlobal
